{
  "version": 4,
  "terraform_version": "1.1.9",
  "serial": 15,
  "lineage": "4a71ab91-5569-fcbf-cb43-0abed7c2505f",
  "outputs": {},
  "resources": [
    {
      "module": "module.configuration2",
      "mode": "managed",
      "type": "azurerm_resource_group",
      "name": "sasi",
      "provider": "provider[\"registry.terraform.io/hashicorp/azurerm\"]",
      "instances": [
        {
          "schema_version": 0,
          "attributes": {
            "id": "/subscriptions/a3d75c10-c135-4e6b-8f4e-f22711d010ef/resourceGroups/sasiRG",
            "location": "eastus",
            "name": "sasiRG",
            "tags": {},
            "timeouts": null
          },
          "sensitive_attributes": [],
          "private": "eyJlMmJmYjczMC1lY2FhLTExZTYtOGY4OC0zNDM2M2JjN2M0YzAiOnsiY3JlYXRlIjo1NDAwMDAwMDAwMDAwLCJkZWxldGUiOjU0MDAwMDAwMDAwMDAsInJlYWQiOjMwMDAwMDAwMDAwMCwidXBkYXRlIjo1NDAwMDAwMDAwMDAwfX0="
        }
      ]
    },
    {
      "module": "module.configuration4",
      "mode": "managed",
      "type": "azurerm_virtual_network",
      "name": "vnet",
      "provider": "provider[\"registry.terraform.io/hashicorp/azurerm\"]",
      "instances": [
        {
          "schema_version": 0,
          "attributes": {
            "address_space": [
              "192.168.0.0/16"
            ],
            "bgp_community": "",
            "ddos_protection_plan": [],
            "dns_servers": [],
            "edge_zone": "",
            "flow_timeout_in_minutes": 0,
            "guid": "96050c75-4bc1-4242-a4a6-db6d4fb3ebd7",
            "id": "/subscriptions/a3d75c10-c135-4e6b-8f4e-f22711d010ef/resourceGroups/sasiRG/providers/Microsoft.Network/virtualNetworks/sasivnet",
            "location": "eastus",
            "name": "sasivnet",
            "resource_group_name": "sasiRG",
            "subnet": [
              {
                "address_prefix": "192.168.2.0/24",
                "id": "/subscriptions/a3d75c10-c135-4e6b-8f4e-f22711d010ef/resourceGroups/sasiRG/providers/Microsoft.Network/virtualNetworks/sasivnet/subnets/sasisubnet",
                "name": "sasisubnet",
                "security_group": ""
              }
            ],
            "tags": {},
            "timeouts": null
          },
          "sensitive_attributes": [],
          "private": "eyJlMmJmYjczMC1lY2FhLTExZTYtOGY4OC0zNDM2M2JjN2M0YzAiOnsiY3JlYXRlIjoxODAwMDAwMDAwMDAwLCJkZWxldGUiOjE4MDAwMDAwMDAwMDAsInJlYWQiOjMwMDAwMDAwMDAwMCwidXBkYXRlIjoxODAwMDAwMDAwMDAwfX0=",
          "dependencies": [
            "module.configuration2.azurerm_resource_group.sasi"
          ]
        }
      ]
    }
  ]
}
